// !$*UTF8*$!
{
	archiveVersion = 1;
	classes = {
	};
	objectVersion = 50;
	objects = {

/* Begin PBXBuildFile section */
		7A28D3CD229024F900CA54A4 /* UIImage.swift in Sources */ = {isa = PBXBuildFile; fileRef = 7A28D3CC229024F900CA54A4 /* UIImage.swift */; };
		7A28D3CF22929BDF00CA54A4 /* Delm.otf in Resources */ = {isa = PBXBuildFile; fileRef = 7A28D3CE22929BDF00CA54A4 /* Delm.otf */; };
		7A28D3D122929D4E00CA54A4 /* ThirstySoftRegular.otf in Resources */ = {isa = PBXBuildFile; fileRef = 7A28D3D022929D4E00CA54A4 /* ThirstySoftRegular.otf */; };
		7A4652152281B24C00C4AFED /* AppDelegate.swift in Sources */ = {isa = PBXBuildFile; fileRef = 7A4652142281B24C00C4AFED /* AppDelegate.swift */; };
		7A4652172281B24C00C4AFED /* ViewController.swift in Sources */ = {isa = PBXBuildFile; fileRef = 7A4652162281B24C00C4AFED /* ViewController.swift */; };
		7A46521A2281B24C00C4AFED /* Main.storyboard in Resources */ = {isa = PBXBuildFile; fileRef = 7A4652182281B24C00C4AFED /* Main.storyboard */; };
		7A46521C2281B24D00C4AFED /* Assets.xcassets in Resources */ = {isa = PBXBuildFile; fileRef = 7A46521B2281B24D00C4AFED /* Assets.xcassets */; };
		7A46521F2281B24D00C4AFED /* LaunchScreen.storyboard in Resources */ = {isa = PBXBuildFile; fileRef = 7A46521D2281B24D00C4AFED /* LaunchScreen.storyboard */; };
/* End PBXBuildFile section */

/* Begin PBXFileReference section */
		7A28D3CC229024F900CA54A4 /* UIImage.swift */ = {isa = PBXFileReference; lastKnownFileType = sourcecode.swift; path = UIImage.swift; sourceTree = "<group>"; };
		7A28D3CE22929BDF00CA54A4 /* Delm.otf */ = {isa = PBXFileReference; lastKnownFileType = file; path = Delm.otf; sourceTree = "<group>"; };
		7A28D3D022929D4E00CA54A4 /* ThirstySoftRegular.otf */ = {isa = PBXFileReference; lastKnownFileType = file; path = ThirstySoftRegular.otf; sourceTree = "<group>"; };
		7A4652112281B24C00C4AFED /* Instagrid.app */ = {isa = PBXFileReference; explicitFileType = wrapper.application; includeInIndex = 0; path = Instagrid.app; sourceTree = BUILT_PRODUCTS_DIR; };
		7A4652142281B24C00C4AFED /* AppDelegate.swift */ = {isa = PBXFileReference; lastKnownFileType = sourcecode.swift; path = AppDelegate.swift; sourceTree = "<group>"; };
		7A4652162281B24C00C4AFED /* ViewController.swift */ = {isa = PBXFileReference; lastKnownFileType = sourcecode.swift; path = ViewController.swift; sourceTree = "<group>"; };
		7A4652192281B24C00C4AFED /* Base */ = {isa = PBXFileReference; lastKnownFileType = file.storyboard; name = Base; path = Base.lproj/Main.storyboard; sourceTree = "<group>"; };
		7A46521B2281B24D00C4AFED /* Assets.xcassets */ = {isa = PBXFileReference; lastKnownFileType = folder.assetcatalog; path = Assets.xcassets; sourceTree = "<group>"; };
		7A46521E2281B24D00C4AFED /* Base */ = {isa = PBXFileReference; lastKnownFileType = file.storyboard; name = Base; path = Base.lproj/LaunchScreen.storyboard; sourceTree = "<group>"; };
		7A4652202281B24D00C4AFED /* Info.plist */ = {isa = PBXFileReference; lastKnownFileType = text.plist.xml; path = Info.plist; sourceTree = "<group>"; };
/* End PBXFileReference section */

/* Begin PBXFrameworksBuildPhase section */
		7A46520E2281B24C00C4AFED /* Frameworks */ = {
			isa = PBXFrameworksBuildPhase;
			buildActionMask = 2147483647;
			files = (
			);
			runOnlyForDeploymentPostprocessing = 0;
		};
/* End PBXFrameworksBuildPhase section */

/* Begin PBXGroup section */
		7A28D3CB229024D200CA54A4 /* Extension */ = {
			isa = PBXGroup;
			children = (
				7A28D3CC229024F900CA54A4 /* UIImage.swift */,
			);
			path = Extension;
			sourceTree = "<group>";
		};
		7A4652082281B24C00C4AFED = {
			isa = PBXGroup;
			children = (
				7A4652132281B24C00C4AFED /* Instagrid */,
				7A4652122281B24C00C4AFED /* Products */,
			);
			sourceTree = "<group>";
		};
		7A4652122281B24C00C4AFED /* Products */ = {
			isa = PBXGroup;
			children = (
				7A4652112281B24C00C4AFED /* Instagrid.app */,
			);
			name = Products;
			sourceTree = "<group>";
		};
		7A4652132281B24C00C4AFED /* Instagrid */ = {
			isa = PBXGroup;
			children = (
				7A28D3CB229024D200CA54A4 /* Extension */,
				7A4652292281B29A00C4AFED /* Supporting Files */,
				7A4652282281B27000C4AFED /* View */,
				7A4652272281B26600C4AFED /* Controller */,
				7A4652262281B25B00C4AFED /* Model */,
				7A4652202281B24D00C4AFED /* Info.plist */,
				7A28D3D022929D4E00CA54A4 /* ThirstySoftRegular.otf */,
				7A28D3CE22929BDF00CA54A4 /* Delm.otf */,
			);
			path = Instagrid;
			sourceTree = "<group>";
		};
		7A4652262281B25B00C4AFED /* Model */ = {
			isa = PBXGroup;
			children = (
			);
			path = Model;
			sourceTree = "<group>";
		};
		7A4652272281B26600C4AFED /* Controller */ = {
			isa = PBXGroup;
			children = (
				7A4652162281B24C00C4AFED /* ViewController.swift */,
			);
			path = Controller;
			sourceTree = "<group>";
		};
		7A4652282281B27000C4AFED /* View */ = {
			isa = PBXGroup;
			children = (
				7A4652182281B24C00C4AFED /* Main.storyboard */,
			);
			path = View;
			sourceTree = "<group>";
		};
		7A4652292281B29A00C4AFED /* Supporting Files */ = {
			isa = PBXGroup;
			children = (
				7A46521D2281B24D00C4AFED /* LaunchScreen.storyboard */,
				7A4652142281B24C00C4AFED /* AppDelegate.swift */,
				7A46521B2281B24D00C4AFED /* Assets.xcassets */,
			);
			path = "Supporting Files";
			sourceTree = "<group>";
		};
/* End PBXGroup section */

/* Begin PBXNativeTarget section */
		7A4652102281B24C00C4AFED /* Instagrid */ = {
			isa = PBXNativeTarget;
			buildConfigurationList = 7A4652232281B24D00C4AFED /* Build configuration list for PBXNativeTarget "Instagrid" */;
			buildPhases = (
				7A46520D2281B24C00C4AFED /* Sources */,
				7A46520E2281B24C00C4AFED /* Frameworks */,
				7A46520F2281B24C00C4AFED /* Resources */,
			);
			buildRules = (
			);
			dependencies = (
			);
			name = Instagrid;
			productName = Instagrid;
			productReference = 7A4652112281B24C00C4AFED /* Instagrid.app */;
			productType = "com.apple.product-type.application";
		};
/* End PBXNativeTarget section */

/* Begin PBXProject section */
		7A4652092281B24C00C4AFED /* Project object */ = {
			isa = PBXProject;
			attributes = {
				LastSwiftUpdateCheck = 1020;
				LastUpgradeCheck = 1020;
				ORGANIZATIONNAME = "Edouard PLANTEVIN";
				TargetAttributes = {
					7A4652102281B24C00C4AFED = {
						CreatedOnToolsVersion = 10.2.1;
					};
				};
			};
			buildConfigurationList = 7A46520C2281B24C00C4AFED /* Build configuration list for PBXProject "Instagrid" */;
			compatibilityVersion = "Xcode 9.3";
			developmentRegion = en;
			hasScannedForEncodings = 0;
			knownRegions = (
				en,
				Base,
			);
			mainGroup = 7A4652082281B24C00C4AFED;
			productRefGroup = 7A4652122281B24C00C4AFED /* Products */;
			projectDirPath = "";
			projectRoot = "";
			targets = (
				7A4652102281B24C00C4AFED /* Instagrid */,
			);
		};
/* End PBXProject section */

/* Begin PBXResourcesBuildPhase section */
		7A46520F2281B24C00C4AFED /* Resources */ = {
			isa = PBXResourcesBuildPhase;
			buildActionMask = 2147483647;
			files = (
				7A46521F2281B24D00C4AFED /* LaunchScreen.storyboard in Resources */,
				7A28D3CF22929BDF00CA54A4 /* Delm.otf in Resources */,
				7A28D3D122929D4E00CA54A4 /* ThirstySoftRegular.otf in Resources */,
				7A46521C2281B24D00C4AFED /* Assets.xcassets in Resources */,
				7A46521A2281B24C00C4AFED /* Main.storyboard in Resources */,
			);
			runOnlyForDeploymentPostprocessing = 0;
		};
/* End PBXResourcesBuildPhase section */

/* Begin PBXSourcesBuildPhase section */
		7A46520D2281B24C00C4AFED /* Sources */ = {
			isa = PBXSourcesBuildPhase;
			buildActionMask = 2147483647;
			files = (
				7A28D3CD229024F900CA54A4 /* UIImage.swift in Sources */,
				7A4652172281B24C00C4AFED /* ViewController.swift in Sources */,
				7A4652152281B24C00C4AFED /* AppDelegate.swift in Sources */,
			);
			runOnlyForDeploymentPostprocessing = 0;
		};
/* End PBXSourcesBuildPhase section */

/* Begin PBXVariantGroup section */
		7A4652182281B24C00C4AFED /* Main.storyboard */ = {
			isa = PBXVariantGroup;
			children = (
				7A4652192281B24C00C4AFED /* Base */,
			);
			name = Main.storyboard;
			sourceTree = "<group>";
		};
		7A46521D2281B24D00C4AFED /* LaunchScreen.storyboard */ = {
			isa = PBXVariantGroup;
			children = (
				7A46521E2281B24D00C4AFED /* Base */,
			);
			name = LaunchScreen.storyboard;
			sourceTree = "<group>";
		};
/* End PBXVariantGroup section */

/* Begin XCBuildConfiguration section */
		7A4652212281B24D00C4AFED /* Debug */ = {
			isa = XCBuildConfiguration;
			buildSettings = {
				ALWAYS_SEARCH_USER_PATHS = NO;
				CLANG_ANALYZER_NONNULL = YES;
				CLANG_ANALYZER_NUMBER_OBJECT_CONVERSION = YES_AGGRESSIVE;
				CLANG_CXX_LANGUAGE_STANDARD = "gnu++14";
				CLANG_CXX_LIBRARY = "libc++";
				CLANG_ENABLE_MODULES = YES;
				CLANG_ENABLE_OBJC_ARC = YES;
				CLANG_ENABLE_OBJC_WEAK = YES;
				CLANG_WARN_BLOCK_CAPTURE_AUTORELEASING = YES;
				CLANG_WARN_BOOL_CONVERSION = YES;
				CLANG_WARN_COMMA = YES;
				CLANG_WARN_CONSTANT_CONVERSION = YES;
				CLANG_WARN_DEPRECATED_OBJC_IMPLEMENTATIONS = YES;
				CLANG_WARN_DIRECT_OBJC_ISA_USAGE = YES_ERROR;
				CLANG_WARN_DOCUMENTATION_COMMENTS = YES;
				CLANG_WARN_EMPTY_BODY = YES;
				CLANG_WARN_ENUM_CONVERSION = YES;
				CLANG_WARN_INFINITE_RECURSION = YES;
				CLANG_WARN_INT_CONVERSION = YES;
				CLANG_WARN_NON_LITERAL_NULL_CONVERSION = YES;
				CLANG_WARN_OBJC_IMPLICIT_RETAIN_SELF = YES;
				CLANG_WARN_OBJC_LITERAL_CONVERSION = YES;
				CLANG_WARN_OBJC_ROOT_CLASS = YES_ERROR;
				CLANG_WARN_RANGE_LOOP_ANALYSIS = YES;
				CLANG_WARN_STRICT_PROTOTYPES = YES;
				CLANG_WARN_SUSPICIOUS_MOVE = YES;
				CLANG_WARN_UNGUARDED_AVAILABILITY = YES_AGGRESSIVE;
				CLANG_WARN_UNREACHABLE_CODE = YES;
				CLANG_WARN__DUPLICATE_METHOD_MATCH = YES;
				CODE_SIGN_IDENTITY = "iPhone Developer";
				COPY_PHASE_STRIP = NO;
				DEBUG_INFORMATION_FORMAT = dwarf;
				ENABLE_STRICT_OBJC_MSGSEND = YES;
				ENABLE_TESTABILITY = YES;
				GCC_C_LANGUAGE_STANDARD = gnu11;
				GCC_DYNAMIC_NO_PIC = NO;
				GCC_NO_COMMON_BLOCKS = YES;
				GCC_OPTIMIZATION_LEVEL = 0;
				GCC_PREPROCESSOR_DEFINITIONS = (
					"DEBUG=1",
					"$(inherited)",
				);
				GCC_WARN_64_TO_32_BIT_CONVERSION = YES;
				GCC_WARN_ABOUT_RETURN_TYPE = YES_ERROR;
				GCC_WARN_UNDECLARED_SELECTOR = YES;
				GCC_WARN_UNINITIALIZED_AUTOS = YES_AGGRESSIVE;
				GCC_WARN_UNUSED_FUNCTION = YES;
				GCC_WARN_UNUSED_VARIABLE = YES;
				IPHONEOS_DEPLOYMENT_TARGET = 12.2;
				MTL_ENABLE_DEBUG_INFO = INCLUDE_SOURCE;
				MTL_FAST_MATH = YES;
				ONLY_ACTIVE_ARCH = YES;
				SDKROOT = iphoneos;
				SWIFT_ACTIVE_COMPILATION_CONDITIONS = DEBUG;
				SWIFT_OPTIMIZATION_LEVEL = "-Onone";
			};
			name = Debug;
		};
		7A4652222281B24D00C4AFED /* Release */ = {
			isa = XCBuildConfiguration;
			buildSettings = {
				ALWAYS_SEARCH_USER_PATHS = NO;
				CLANG_ANALYZER_NONNULL = YES;
				CLANG_ANALYZER_NUMBER_OBJECT_CONVERSION = YES_AGGRESSIVE;
				CLANG_CXX_LANGUAGE_STANDARD = "gnu++14";
				CLANG_CXX_LIBRARY = "libc++";
				CLANG_ENABLE_MODULES = YES;
				CLANG_ENABLE_OBJC_ARC = YES;
				CLANG_ENABLE_OBJC_WEAK = YES;
				CLANG_WARN_BLOCK_CAPTURE_AUTORELEASING = YES;
				CLANG_WARN_BOOL_CONVERSION = YES;
				CLANG_WARN_COMMA = YES;
				CLANG_WARN_CONSTANT_CONVERSION = YES;
				CLANG_WARN_DEPRECATED_OBJC_IMPLEMENTATIONS = YES;
				CLANG_WARN_DIRECT_OBJC_ISA_USAGE = YES_ERROR;
				CLANG_WARN_DOCUMENTATION_COMMENTS = YES;
				CLANG_WARN_EMPTY_BODY = YES;
				CLANG_WARN_ENUM_CONVERSION = YES;
				CLANG_WARN_INFINITE_RECURSION = YES;
				CLANG_WARN_INT_CONVERSION = YES;
				CLANG_WARN_NON_LITERAL_NULL_CONVERSION = YES;
				CLANG_WARN_OBJC_IMPLICIT_RETAIN_SELF = YES;
				CLANG_WARN_OBJC_LITERAL_CONVERSION = YES;
				CLANG_WARN_OBJC_ROOT_CLASS = YES_ERROR;
				CLANG_WARN_RANGE_LOOP_ANALYSIS = YES;
				CLANG_WARN_STRICT_PROTOTYPES = YES;
				CLANG_WARN_SUSPICIOUS_MOVE = YES;
				CLANG_WARN_UNGUARDED_AVAILABILITY = YES_AGGRESSIVE;
				CLANG_WARN_UNREACHABLE_CODE = YES;
				CLANG_WARN__DUPLICATE_METHOD_MATCH = YES;
				CODE_SIGN_IDENTITY = "iPhone Developer";
				COPY_PHASE_STRIP = NO;
				DEBUG_INFORMATION_FORMAT = "dwarf-with-dsym";
				ENABLE_NS_ASSERTIONS = NO;
				ENABLE_STRICT_OBJC_MSGSEND = YES;
				GCC_C_LANGUAGE_STANDARD = gnu11;
				GCC_NO_COMMON_BLOCKS = YES;
				GCC_WARN_64_TO_32_BIT_CONVERSION = YES;
				GCC_WARN_ABOUT_RETURN_TYPE = YES_ERROR;
				GCC_WARN_UNDECLARED_SELECTOR = YES;
				GCC_WARN_UNINITIALIZED_AUTOS = YES_AGGRESSIVE;
				GCC_WARN_UNUSED_FUNCTION = YES;
				GCC_WARN_UNUSED_VARIABLE = YES;
				IPHONEOS_DEPLOYMENT_TARGET = 12.2;
				MTL_ENABLE_DEBUG_INFO = NO;
				MTL_FAST_MATH = YES;
				SDKROOT = iphoneos;
				SWIFT_COMPILATION_MODE = wholemodule;
				SWIFT_OPTIMIZATION_LEVEL = "-O";
				VALIDATE_PRODUCT = YES;
			};
			name = Release;
		};
		7A4652242281B24D00C4AFED /* Debug */ = {
			isa = XCBuildConfiguration;
			buildSettings = {
				ASSETCATALOG_COMPILER_APPICON_NAME = AppIcon;
				CODE_SIGN_STYLE = Automatic;
				DEVELOPMENT_TEAM = HARHLUKYDS;
				INFOPLIST_FILE = Instagrid/Info.plist;
				LD_RUNPATH_SEARCH_PATHS = (
					"$(inherited)",
					"@executable_path/Frameworks",
				);
				PRODUCT_BUNDLE_IDENTIFIER = fr.edouardplantevin.Instagrid;
				PRODUCT_NAME = "$(TARGET_NAME)";
				SWIFT_VERSION = 5.0;
				TARGETED_DEVICE_FAMILY = "1,2";
			};
			name = Debug;
		};
		7A4652252281B24D00C4AFED /* Release */ = {
			isa = XCBuildConfiguration;
			buildSettings = {
				ASSETCATALOG_COMPILER_APPICON_NAME = AppIcon;
				CODE_SIGN_STYLE = Automatic;
				DEVELOPMENT_TEAM = HARHLUKYDS;
				INFOPLIST_FILE = Instagrid/Info.plist;
				LD_RUNPATH_SEARCH_PATHS = (
					"$(inherited)",
					"@executable_path/Frameworks",
				);
				PRODUCT_BUNDLE_IDENTIFIER = fr.edouardplantevin.Instagrid;
				PRODUCT_NAME = "$(TARGET_NAME)";
				SWIFT_VERSION = 5.0;
				TARGETED_DEVICE_FAMILY = "1,2";
			};
			name = Release;
		};
/* End XCBuildConfiguration section */

/* Begin XCConfigurationList section */
		7A46520C2281B24C00C4AFED /* Build configuration list for PBXProject "Instagrid" */ = {
			isa = XCConfigurationList;
			buildConfigurations = (
				7A4652212281B24D00C4AFED /* Debug */,
				7A4652222281B24D00C4AFED /* Release */,
			);
			defaultConfigurationIsVisible = 0;
			defaultConfigurationName = Release;
		};
		7A4652232281B24D00C4AFED /* Build configuration list for PBXNativeTarget "Instagrid" */ = {
			isa = XCConfigurationList;
			buildConfigurations = (
				7A4652242281B24D00C4AFED /* Debug */,
				7A4652252281B24D00C4AFED /* Release */,
			);
			defaultConfigurationIsVisible = 0;
			defaultConfigurationName = Release;
		};
/* End XCConfigurationList section */
	};
	rootObject = 7A4652092281B24C00C4AFED /* Project object */;
}
